// !$*UTF8*$!
{
	archiveVersion = 1;
	classes = {
	};
	objectVersion = 52;
	objects = {

/* Begin PBXBuildFile section */
		3B8B737C24F1276300701E3F /* RequestKits in Frameworks */ = {isa = PBXBuildFile; productRef = 3B8B737B24F1276300701E3F /* RequestKits */; };
		3BC1B7A124FBA1850060A9F1 /* DevelopKits in Frameworks */ = {isa = PBXBuildFile; productRef = 3BC1B7A024FBA1850060A9F1 /* DevelopKits */; };
		3BF0193424513C80001C0775 /* AppDelegate.swift in Sources */ = {isa = PBXBuildFile; fileRef = 3BF0193324513C80001C0775 /* AppDelegate.swift */; };
		3BF0193824513C80001C0775 /* ViewController.swift in Sources */ = {isa = PBXBuildFile; fileRef = 3BF0193724513C80001C0775 /* ViewController.swift */; };
		3BF0193B24513C80001C0775 /* Main.storyboard in Resources */ = {isa = PBXBuildFile; fileRef = 3BF0193924513C80001C0775 /* Main.storyboard */; };
		3BF0193D24513C82001C0775 /* Assets.xcassets in Resources */ = {isa = PBXBuildFile; fileRef = 3BF0193C24513C82001C0775 /* Assets.xcassets */; };
		3BF0194024513C82001C0775 /* LaunchScreen.storyboard in Resources */ = {isa = PBXBuildFile; fileRef = 3BF0193E24513C82001C0775 /* LaunchScreen.storyboard */; };
/* End PBXBuildFile section */

/* Begin PBXFileReference section */
		3B8B737A24F126D700701E3F /* RequestKits */ = {isa = PBXFileReference; lastKnownFileType = folder; name = RequestKits; path = ..; sourceTree = "<group>"; };
		3BC1B79F24FBA13B0060A9F1 /* DevelopKits */ = {isa = PBXFileReference; lastKnownFileType = folder; name = DevelopKits; path = ../../DevelopKits; sourceTree = "<group>"; };
		3BF0193024513C80001C0775 /* RequestKitsDemo.app */ = {isa = PBXFileReference; explicitFileType = wrapper.application; includeInIndex = 0; path = RequestKitsDemo.app; sourceTree = BUILT_PRODUCTS_DIR; };
		3BF0193324513C80001C0775 /* AppDelegate.swift */ = {isa = PBXFileReference; lastKnownFileType = sourcecode.swift; path = AppDelegate.swift; sourceTree = "<group>"; };
		3BF0193724513C80001C0775 /* ViewController.swift */ = {isa = PBXFileReference; lastKnownFileType = sourcecode.swift; path = ViewController.swift; sourceTree = "<group>"; };
		3BF0193A24513C80001C0775 /* Base */ = {isa = PBXFileReference; lastKnownFileType = file.storyboard; name = Base; path = Base.lproj/Main.storyboard; sourceTree = "<group>"; };
		3BF0193C24513C82001C0775 /* Assets.xcassets */ = {isa = PBXFileReference; lastKnownFileType = folder.assetcatalog; path = Assets.xcassets; sourceTree = "<group>"; };
		3BF0193F24513C82001C0775 /* Base */ = {isa = PBXFileReference; lastKnownFileType = file.storyboard; name = Base; path = Base.lproj/LaunchScreen.storyboard; sourceTree = "<group>"; };
		3BF0194124513C82001C0775 /* Info.plist */ = {isa = PBXFileReference; lastKnownFileType = text.plist.xml; path = Info.plist; sourceTree = "<group>"; };
/* End PBXFileReference section */

/* Begin PBXFrameworksBuildPhase section */
		3BF0192D24513C80001C0775 /* Frameworks */ = {
			isa = PBXFrameworksBuildPhase;
			buildActionMask = 2147483647;
			files = (
				3B8B737C24F1276300701E3F /* RequestKits in Frameworks */,
				3BC1B7A124FBA1850060A9F1 /* DevelopKits in Frameworks */,
			);
			runOnlyForDeploymentPostprocessing = 0;
		};
/* End PBXFrameworksBuildPhase section */

/* Begin PBXGroup section */
		3BD71C50247571530076200A /* Frameworks */ = {
			isa = PBXGroup;
			children = (
			);
			name = Frameworks;
			sourceTree = "<group>";
		};
		3BF0192724513C80001C0775 = {
			isa = PBXGroup;
			children = (
				3BC1B79F24FBA13B0060A9F1 /* DevelopKits */,
				3B8B737A24F126D700701E3F /* RequestKits */,
				3BF0193224513C80001C0775 /* RequestKitsDemo */,
				3BF0193124513C80001C0775 /* Products */,
				3BD71C50247571530076200A /* Frameworks */,
			);
			sourceTree = "<group>";
		};
		3BF0193124513C80001C0775 /* Products */ = {
			isa = PBXGroup;
			children = (
				3BF0193024513C80001C0775 /* RequestKitsDemo.app */,
			);
			name = Products;
			sourceTree = "<group>";
		};
		3BF0193224513C80001C0775 /* RequestKitsDemo */ = {
			isa = PBXGroup;
			children = (
				3BF0193324513C80001C0775 /* AppDelegate.swift */,
				3BF0193724513C80001C0775 /* ViewController.swift */,
				3BF0193924513C80001C0775 /* Main.storyboard */,
				3BF0193C24513C82001C0775 /* Assets.xcassets */,
				3BF0193E24513C82001C0775 /* LaunchScreen.storyboard */,
				3BF0194124513C82001C0775 /* Info.plist */,
			);
			path = RequestKitsDemo;
			sourceTree = "<group>";
		};
/* End PBXGroup section */

/* Begin PBXNativeTarget section */
		3BF0192F24513C80001C0775 /* RequestKitsDemo */ = {
			isa = PBXNativeTarget;
			buildConfigurationList = 3BF0194424513C82001C0775 /* Build configuration list for PBXNativeTarget "RequestKitsDemo" */;
			buildPhases = (
				3BF0192C24513C80001C0775 /* Sources */,
				3BF0192D24513C80001C0775 /* Frameworks */,
				3BF0192E24513C80001C0775 /* Resources */,
			);
			buildRules = (
			);
			dependencies = (
			);
			name = RequestKitsDemo;
			packageProductDependencies = (
				3B8B737B24F1276300701E3F /* RequestKits */,
				3BC1B7A024FBA1850060A9F1 /* DevelopKits */,
			);
			productName = TEQNetworkDemo;
			productReference = 3BF0193024513C80001C0775 /* RequestKitsDemo.app */;
			productType = "com.apple.product-type.application";
		};
/* End PBXNativeTarget section */

/* Begin PBXProject section */
		3BF0192824513C80001C0775 /* Project object */ = {
			isa = PBXProject;
			attributes = {
				LastSwiftUpdateCheck = 1140;
				LastUpgradeCheck = 1140;
				ORGANIZATIONNAME = "Nghia Nguyen";
				TargetAttributes = {
					3BF0192F24513C80001C0775 = {
						CreatedOnToolsVersion = 11.4.1;
					};
				};
			};
			buildConfigurationList = 3BF0192B24513C80001C0775 /* Build configuration list for PBXProject "RequestKitsDemo" */;
			compatibilityVersion = "Xcode 9.3";
			developmentRegion = en;
			hasScannedForEncodings = 0;
			knownRegions = (
				en,
				Base,
			);
			mainGroup = 3BF0192724513C80001C0775;
			packageReferences = (
			);
			productRefGroup = 3BF0193124513C80001C0775 /* Products */;
			projectDirPath = "";
			projectRoot = "";
			targets = (
				3BF0192F24513C80001C0775 /* RequestKitsDemo */,
			);
		};
/* End PBXProject section */

/* Begin PBXResourcesBuildPhase section */
		3BF0192E24513C80001C0775 /* Resources */ = {
			isa = PBXResourcesBuildPhase;
			buildActionMask = 2147483647;
			files = (
				3BF0194024513C82001C0775 /* LaunchScreen.storyboard in Resources */,
				3BF0193D24513C82001C0775 /* Assets.xcassets in Resources */,
				3BF0193B24513C80001C0775 /* Main.storyboard in Resources */,
			);
			runOnlyForDeploymentPostprocessing = 0;
		};
/* End PBXResourcesBuildPhase section */

/* Begin PBXSourcesBuildPhase section */
		3BF0192C24513C80001C0775 /* Sources */ = {
			isa = PBXSourcesBuildPhase;
			buildActionMask = 2147483647;
			files = (
				3BF0193824513C80001C0775 /* ViewController.swift in Sources */,
				3BF0193424513C80001C0775 /* AppDelegate.swift in Sources */,
			);
			runOnlyForDeploymentPostprocessing = 0;
		};
/* End PBXSourcesBuildPhase section */

/* Begin PBXVariantGroup section */
		3BF0193924513C80001C0775 /* Main.storyboard */ = {
			isa = PBXVariantGroup;
			children = (
				3BF0193A24513C80001C0775 /* Base */,
			);
			name = Main.storyboard;
			sourceTree = "<group>";
		};
		3BF0193E24513C82001C0775 /* LaunchScreen.storyboard */ = {
			isa = PBXVariantGroup;
			children = (
				3BF0193F24513C82001C0775 /* Base */,
			);
			name = LaunchScreen.storyboard;
			sourceTree = "<group>";
		};
/* End PBXVariantGroup section */

/* Begin XCBuildConfiguration section */
		3BF0194224513C82001C0775 /* Debug */ = {
			isa = XCBuildConfiguration;
			buildSettings = {
				ALWAYS_SEARCH_USER_PATHS = NO;
				CLANG_ANALYZER_NONNULL = YES;
				CLANG_ANALYZER_NUMBER_OBJECT_CONVERSION = YES_AGGRESSIVE;
				CLANG_CXX_LANGUAGE_STANDARD = "gnu++14";
				CLANG_CXX_LIBRARY = "libc++";
				CLANG_ENABLE_MODULES = YES;
				CLANG_ENABLE_OBJC_ARC = YES;
				CLANG_ENABLE_OBJC_WEAK = YES;
				CLANG_WARN_BLOCK_CAPTURE_AUTORELEASING = YES;
				CLANG_WARN_BOOL_CONVERSION = YES;
				CLANG_WARN_COMMA = YES;
				CLANG_WARN_CONSTANT_CONVERSION = YES;
				CLANG_WARN_DEPRECATED_OBJC_IMPLEMENTATIONS = YES;
				CLANG_WARN_DIRECT_OBJC_ISA_USAGE = YES_ERROR;
				CLANG_WARN_DOCUMENTATION_COMMENTS = YES;
				CLANG_WARN_EMPTY_BODY = YES;
				CLANG_WARN_ENUM_CONVERSION = YES;
				CLANG_WARN_INFINITE_RECURSION = YES;
				CLANG_WARN_INT_CONVERSION = YES;
				CLANG_WARN_NON_LITERAL_NULL_CONVERSION = YES;
				CLANG_WARN_OBJC_IMPLICIT_RETAIN_SELF = YES;
				CLANG_WARN_OBJC_LITERAL_CONVERSION = YES;
				CLANG_WARN_OBJC_ROOT_CLASS = YES_ERROR;
				CLANG_WARN_RANGE_LOOP_ANALYSIS = YES;
				CLANG_WARN_STRICT_PROTOTYPES = YES;
				CLANG_WARN_SUSPICIOUS_MOVE = YES;
				CLANG_WARN_UNGUARDED_AVAILABILITY = YES_AGGRESSIVE;
				CLANG_WARN_UNREACHABLE_CODE = YES;
				CLANG_WARN__DUPLICATE_METHOD_MATCH = YES;
				COPY_PHASE_STRIP = NO;
				DEBUG_INFORMATION_FORMAT = dwarf;
				ENABLE_STRICT_OBJC_MSGSEND = YES;
				ENABLE_TESTABILITY = YES;
				GCC_C_LANGUAGE_STANDARD = gnu11;
				GCC_DYNAMIC_NO_PIC = NO;
				GCC_NO_COMMON_BLOCKS = YES;
				GCC_OPTIMIZATION_LEVEL = 0;
				GCC_PREPROCESSOR_DEFINITIONS = (
					"DEBUG=1",
					"$(inherited)",
				);
				GCC_WARN_64_TO_32_BIT_CONVERSION = YES;
				GCC_WARN_ABOUT_RETURN_TYPE = YES_ERROR;
				GCC_WARN_UNDECLARED_SELECTOR = YES;
				GCC_WARN_UNINITIALIZED_AUTOS = YES_AGGRESSIVE;
				GCC_WARN_UNUSED_FUNCTION = YES;
				GCC_WARN_UNUSED_VARIABLE = YES;
				IPHONEOS_DEPLOYMENT_TARGET = 10.0;
				MTL_ENABLE_DEBUG_INFO = INCLUDE_SOURCE;
				MTL_FAST_MATH = YES;
				ONLY_ACTIVE_ARCH = YES;
				SDKROOT = iphoneos;
				SWIFT_ACTIVE_COMPILATION_CONDITIONS = DEBUG;
				SWIFT_OPTIMIZATION_LEVEL = "-Onone";
			};
			name = Debug;
		};
		3BF0194324513C82001C0775 /* Release */ = {
			isa = XCBuildConfiguration;
			buildSettings = {
				ALWAYS_SEARCH_USER_PATHS = NO;
				CLANG_ANALYZER_NONNULL = YES;
				CLANG_ANALYZER_NUMBER_OBJECT_CONVERSION = YES_AGGRESSIVE;
				CLANG_CXX_LANGUAGE_STANDARD = "gnu++14";
				CLANG_CXX_LIBRARY = "libc++";
				CLANG_ENABLE_MODULES = YES;
				CLANG_ENABLE_OBJC_ARC = YES;
				CLANG_ENABLE_OBJC_WEAK = YES;
				CLANG_WARN_BLOCK_CAPTURE_AUTORELEASING = YES;
				CLANG_WARN_BOOL_CONVERSION = YES;
				CLANG_WARN_COMMA = YES;
				CLANG_WARN_CONSTANT_CONVERSION = YES;
				CLANG_WARN_DEPRECATED_OBJC_IMPLEMENTATIONS = YES;
				CLANG_WARN_DIRECT_OBJC_ISA_USAGE = YES_ERROR;
				CLANG_WARN_DOCUMENTATION_COMMENTS = YES;
				CLANG_WARN_EMPTY_BODY = YES;
				CLANG_WARN_ENUM_CONVERSION = YES;
				CLANG_WARN_INFINITE_RECURSION = YES;
				CLANG_WARN_INT_CONVERSION = YES;
				CLANG_WARN_NON_LITERAL_NULL_CONVERSION = YES;
				CLANG_WARN_OBJC_IMPLICIT_RETAIN_SELF = YES;
				CLANG_WARN_OBJC_LITERAL_CONVERSION = YES;
				CLANG_WARN_OBJC_ROOT_CLASS = YES_ERROR;
				CLANG_WARN_RANGE_LOOP_ANALYSIS = YES;
				CLANG_WARN_STRICT_PROTOTYPES = YES;
				CLANG_WARN_SUSPICIOUS_MOVE = YES;
				CLANG_WARN_UNGUARDED_AVAILABILITY = YES_AGGRESSIVE;
				CLANG_WARN_UNREACHABLE_CODE = YES;
				CLANG_WARN__DUPLICATE_METHOD_MATCH = YES;
				COPY_PHASE_STRIP = NO;
				DEBUG_INFORMATION_FORMAT = "dwarf-with-dsym";
				ENABLE_NS_ASSERTIONS = NO;
				ENABLE_STRICT_OBJC_MSGSEND = YES;
				GCC_C_LANGUAGE_STANDARD = gnu11;
				GCC_NO_COMMON_BLOCKS = YES;
				GCC_WARN_64_TO_32_BIT_CONVERSION = YES;
				GCC_WARN_ABOUT_RETURN_TYPE = YES_ERROR;
				GCC_WARN_UNDECLARED_SELECTOR = YES;
				GCC_WARN_UNINITIALIZED_AUTOS = YES_AGGRESSIVE;
				GCC_WARN_UNUSED_FUNCTION = YES;
				GCC_WARN_UNUSED_VARIABLE = YES;
				IPHONEOS_DEPLOYMENT_TARGET = 10.0;
				MTL_ENABLE_DEBUG_INFO = NO;
				MTL_FAST_MATH = YES;
				SDKROOT = iphoneos;
				SWIFT_COMPILATION_MODE = wholemodule;
				SWIFT_OPTIMIZATION_LEVEL = "-O";
				VALIDATE_PRODUCT = YES;
			};
			name = Release;
		};
		3BF0194524513C82001C0775 /* Debug */ = {
			isa = XCBuildConfiguration;
			buildSettings = {
				ASSETCATALOG_COMPILER_APPICON_NAME = AppIcon;
				CODE_SIGN_IDENTITY = "Apple Development";
				CODE_SIGN_STYLE = Automatic;
				DEVELOPMENT_TEAM = PVA52BM8PV;
				INFOPLIST_FILE = "$(SRCROOT)/RequestKitsDemo/Info.plist";
				IPHONEOS_DEPLOYMENT_TARGET = 11.0;
				LD_RUNPATH_SEARCH_PATHS = (
					"$(inherited)",
					"@executable_path/Frameworks",
				);
				PRODUCT_BUNDLE_IDENTIFIER = com.quangnghiadev.RequestKitsDemo;
				PRODUCT_NAME = "$(TARGET_NAME)";
				PROVISIONING_PROFILE_SPECIFIER = "";
				SWIFT_VERSION = 5.0;
				TARGETED_DEVICE_FAMILY = "1,2";
			};
			name = Debug;
		};
		3BF0194624513C82001C0775 /* Release */ = {
			isa = XCBuildConfiguration;
			buildSettings = {
				ASSETCATALOG_COMPILER_APPICON_NAME = AppIcon;
				CODE_SIGN_IDENTITY = "Apple Development";
				CODE_SIGN_STYLE = Automatic;
				DEVELOPMENT_TEAM = PVA52BM8PV;
				INFOPLIST_FILE = "$(SRCROOT)/RequestKitsDemo/Info.plist";
				IPHONEOS_DEPLOYMENT_TARGET = 11.0;
				LD_RUNPATH_SEARCH_PATHS = (
					"$(inherited)",
					"@executable_path/Frameworks",
				);
				PRODUCT_BUNDLE_IDENTIFIER = com.quangnghiadev.RequestKitsDemo;
				PRODUCT_NAME = "$(TARGET_NAME)";
				PROVISIONING_PROFILE_SPECIFIER = "";
				SWIFT_VERSION = 5.0;
				TARGETED_DEVICE_FAMILY = "1,2";
			};
			name = Release;
		};
/* End XCBuildConfiguration section */

/* Begin XCConfigurationList section */
		3BF0192B24513C80001C0775 /* Build configuration list for PBXProject "RequestKitsDemo" */ = {
			isa = XCConfigurationList;
			buildConfigurations = (
				3BF0194224513C82001C0775 /* Debug */,
				3BF0194324513C82001C0775 /* Release */,
			);
			defaultConfigurationIsVisible = 0;
			defaultConfigurationName = Release;
		};
		3BF0194424513C82001C0775 /* Build configuration list for PBXNativeTarget "RequestKitsDemo" */ = {
			isa = XCConfigurationList;
			buildConfigurations = (
				3BF0194524513C82001C0775 /* Debug */,
				3BF0194624513C82001C0775 /* Release */,
			);
			defaultConfigurationIsVisible = 0;
			defaultConfigurationName = Release;
		};
/* End XCConfigurationList section */

/* Begin XCSwiftPackageProductDependency section */
		3B8B737B24F1276300701E3F /* RequestKits */ = {
			isa = XCSwiftPackageProductDependency;
			productName = RequestKits;
		};
		3BC1B7A024FBA1850060A9F1 /* DevelopKits */ = {
			isa = XCSwiftPackageProductDependency;
			productName = DevelopKits;
		};
/* End XCSwiftPackageProductDependency section */
	};
	rootObject = 3BF0192824513C80001C0775 /* Project object */;
}
